git.sr.ht/~bouncepaw/mycomarkup/v5 v5.6.0 h1:zAZwMF+6x8U/nunpqPRVYoDiqVUMBHI04PG8GsDrFOk=
git.sr.ht/~bouncepaw/mycomarkup/v5 v5.6.0/go.mod h1:TCzFBqW11En4EjLfcQtJu8C/Ro7FIFR8vZ+nM9f6Q28=
github.com/mattn/go-sqlite3 v1.14.16 h1:yOQRA0RpS5PFz/oikGwBEqvAWhWg5ufRz4ETLjwpU1Y=
github.com/mattn/go-sqlite3 v1.14.16/go.mod h1:2eHXhiwb8IkHr+BDWZGa96P6+rkvnG63S2DGjv9HUNg=
golang.org/x/crypto v0.12.0 h1:tFM/ta59kqch6LlvYnPa0yx5a83cL2nHflFhYKvv9Yk=
golang.org/x/crypto v0.12.0/go.mod h1:NF0Gs7EO5K4qLn+Ylc+fih8BSTeIjAP05siRnAh98yw=
golang.org/x/net v0.14.0 h1:BONx9s002vGdD9umnlX1Po8vOZmrgH34qlHcD1MfK14=
golang.org/x/net v0.14.0/go.mod h1:PpSgVXXLK0OxS0F31C1/tv6XNguvCrnXIDrFMspZIUI=
golang.org/x/text v0.12.0 h1:k+n5B8goJNdU7hSvEtMUz3d1Q6D/XW4COJSJR6fN0mc=
golang.org/x/text v0.12.0/go.mod h1:TvPlkZtksWOMsz7fbANvkp4WM8x/WCo/om8BMLbz+aE=
humungus.tedunangst.com/r/webs v0.7.10 h1:DPEsA7DU1P1uOBWYrhJWjqDtll6SGJkWQtJ/2N6P8DI=
humungus.tedunangst.com/r/webs v0.7.10/go.mod h1:ylhqHSPI0Oi7b4nsnx5mSO7AjLXN7wFpEHayLfN/ugk=
