git.sr.ht/~bouncepaw/mycomarkup/v5 v5.6.0 h1:zAZwMF+6x8U/nunpqPRVYoDiqVUMBHI04PG8GsDrFOk=
git.sr.ht/~bouncepaw/mycomarkup/v5 v5.6.0/go.mod h1:TCzFBqW11En4EjLfcQtJu8C/Ro7FIFR8vZ+nM9f6Q28=
github.com/mattn/go-sqlite3 v1.14.22 h1:2gZY6PC6kBnID23Tichd1K+Z0oS6nE/XwU+Vz/5o4kU=
github.com/mattn/go-sqlite3 v1.14.22/go.mod h1:Uh1q+B4BYcTPb+yiD3kU8Ct7aC0hY9fxUwlHK0RXw+Y=
github.com/mileusna/useragent v1.3.4 h1:MiuRRuvGjEie1+yZHO88UBYg8YBC/ddF6T7F56i3PCk=
github.com/mileusna/useragent v1.3.4/go.mod h1:3d8TOmwL/5I8pJjyVDteHtgDGcefrFUX4ccGOMKNYYc=
golang.org/x/crypto v0.20.0 h1:jmAMJJZXr5KiCw05dfYK9QnqaqKLYXijU23lsEdcQqg=
golang.org/x/crypto v0.20.0/go.mod h1:Xwo95rrVNIoSMx9wa1JroENMToLWn3RNVrTBpLHgZPQ=
golang.org/x/net v0.21.0 h1:AQyQV4dYCvJ7vGmJyKki9+PBdyvhkSd8EIx/qb0AYv4=
golang.org/x/net v0.21.0/go.mod h1:bIjVDfnllIU7BJ2DNgfnXvpSvtn8VRwhlsaeUTyUS44=
golang.org/x/text v0.14.0 h1:ScX5w1eTa3QqT8oi6+ziP7dTV1S2+ALU0bI+0zXKWiQ=
golang.org/x/text v0.14.0/go.mod h1:18ZOQIKpY8NJVqYksKHtTdi31H5itFRjB5/qKTNYzSU=
humungus.tedunangst.com/r/webs v0.7.10 h1:DPEsA7DU1P1uOBWYrhJWjqDtll6SGJkWQtJ/2N6P8DI=
humungus.tedunangst.com/r/webs v0.7.10/go.mod h1:ylhqHSPI0Oi7b4nsnx5mSO7AjLXN7wFpEHayLfN/ugk=
